// !$*UTF8*$!
{
	archiveVersion = 1;
	classes = {
	};
	objectVersion = 50;
	objects = {

/* Begin PBXBuildFile section */
		6364F438262E042E00FDDDDB /* BrandGridView.swift in Sources */ = {isa = PBXBuildFile; fileRef = 6364F436262E042A00FDDDDB /* BrandGridView.swift */; };
		6364F439262E042E00FDDDDB /* BrandItemView.swift in Sources */ = {isa = PBXBuildFile; fileRef = 6364F437262E042E00FDDDDB /* BrandItemView.swift */; };
		6364F43C262E0CDA00FDDDDB /* ProductDetailView.swift in Sources */ = {isa = PBXBuildFile; fileRef = 6364F43B262E0CD900FDDDDB /* ProductDetailView.swift */; };
		6364F43F262E130600FDDDDB /* NavigationBarDetailView.swift in Sources */ = {isa = PBXBuildFile; fileRef = 6364F43E262E130600FDDDDB /* NavigationBarDetailView.swift */; };
		6364F442262E165F00FDDDDB /* HeaderDetailView.swift in Sources */ = {isa = PBXBuildFile; fileRef = 6364F441262E165F00FDDDDB /* HeaderDetailView.swift */; };
		6364F445262E170900FDDDDB /* TopPartDetailView.swift in Sources */ = {isa = PBXBuildFile; fileRef = 6364F444262E170900FDDDDB /* TopPartDetailView.swift */; };
		6364F448262E1B4C00FDDDDB /* CustomShape.swift in Sources */ = {isa = PBXBuildFile; fileRef = 6364F447262E1B4C00FDDDDB /* CustomShape.swift */; };
		6364F44B262E1D9800FDDDDB /* RatingsSizesDetailView.swift in Sources */ = {isa = PBXBuildFile; fileRef = 6364F44A262E1D9800FDDDDB /* RatingsSizesDetailView.swift */; };
		6364F44E262E208100FDDDDB /* QuantityFavouriteDetailView.swift in Sources */ = {isa = PBXBuildFile; fileRef = 6364F44D262E208100FDDDDB /* QuantityFavouriteDetailView.swift */; };
		6364F451262E23D700FDDDDB /* AddToCartDetailView.swift in Sources */ = {isa = PBXBuildFile; fileRef = 6364F450262E23D700FDDDDB /* AddToCartDetailView.swift */; };
		6364F454262E255B00FDDDDB /* Shop.swift in Sources */ = {isa = PBXBuildFile; fileRef = 6364F453262E255B00FDDDDB /* Shop.swift */; };
		63927FBD26223DDB0073CE08 /* TouchdownApp.swift in Sources */ = {isa = PBXBuildFile; fileRef = 63927FBC26223DDB0073CE08 /* TouchdownApp.swift */; };
		63927FBF26223DDB0073CE08 /* ContentView.swift in Sources */ = {isa = PBXBuildFile; fileRef = 63927FBE26223DDB0073CE08 /* ContentView.swift */; };
		63927FC126223DE00073CE08 /* Assets.xcassets in Resources */ = {isa = PBXBuildFile; fileRef = 63927FC026223DE00073CE08 /* Assets.xcassets */; };
		63927FC426223DE00073CE08 /* Preview Assets.xcassets in Resources */ = {isa = PBXBuildFile; fileRef = 63927FC326223DE00073CE08 /* Preview Assets.xcassets */; };
		63A8657B262D53F800B4A1C5 /* CategoryItemView.swift in Sources */ = {isa = PBXBuildFile; fileRef = 63A8657A262D53F800B4A1C5 /* CategoryItemView.swift */; };
		63A8657E262D7ADD00B4A1C5 /* CategoryGridView.swift in Sources */ = {isa = PBXBuildFile; fileRef = 63A8657D262D7ADD00B4A1C5 /* CategoryGridView.swift */; };
		63A86581262D7EA400B4A1C5 /* SectionView.swift in Sources */ = {isa = PBXBuildFile; fileRef = 63A86580262D7EA400B4A1C5 /* SectionView.swift */; };
		63A86584262D841800B4A1C5 /* TitleView.swift in Sources */ = {isa = PBXBuildFile; fileRef = 63A86583262D841800B4A1C5 /* TitleView.swift */; };
		63A8658B262D988B00B4A1C5 /* ProductItemView.swift in Sources */ = {isa = PBXBuildFile; fileRef = 63A8658A262D988B00B4A1C5 /* ProductItemView.swift */; };
		63B49D9F2623572A009624FF /* player.json in Resources */ = {isa = PBXBuildFile; fileRef = 63B49D9B2623572A009624FF /* player.json */; };
		63B49DA02623572A009624FF /* category.json in Resources */ = {isa = PBXBuildFile; fileRef = 63B49D9C2623572A009624FF /* category.json */; };
		63B49DA12623572A009624FF /* brand.json in Resources */ = {isa = PBXBuildFile; fileRef = 63B49D9D2623572A009624FF /* brand.json */; };
		63B49DA22623572A009624FF /* product.json in Resources */ = {isa = PBXBuildFile; fileRef = 63B49D9E2623572A009624FF /* product.json */; };
		63B49DB52623678E009624FF /* Constant.swift in Sources */ = {isa = PBXBuildFile; fileRef = 63B49DB42623678E009624FF /* Constant.swift */; };
		63B49DB8262376F2009624FF /* FooterView.swift in Sources */ = {isa = PBXBuildFile; fileRef = 63B49DB7262376F2009624FF /* FooterView.swift */; };
		63B49DBB2623835A009624FF /* NavigationBarView.swift in Sources */ = {isa = PBXBuildFile; fileRef = 63B49DBA2623835A009624FF /* NavigationBarView.swift */; };
		63B49DBE262384A5009624FF /* LogoView.swift in Sources */ = {isa = PBXBuildFile; fileRef = 63B49DBD262384A5009624FF /* LogoView.swift */; };
		63B49DC126238BDD009624FF /* PlayerModel.swift in Sources */ = {isa = PBXBuildFile; fileRef = 63B49DC026238BDC009624FF /* PlayerModel.swift */; };
		63B49DC426238C22009624FF /* CodableBundleExtension.swift in Sources */ = {isa = PBXBuildFile; fileRef = 63B49DC326238C22009624FF /* CodableBundleExtension.swift */; };
		63B49DC726238DF7009624FF /* BrandModel.swift in Sources */ = {isa = PBXBuildFile; fileRef = 63B49DC626238DF7009624FF /* BrandModel.swift */; };
		63B49DCA26238E3B009624FF /* CategoryModel.swift in Sources */ = {isa = PBXBuildFile; fileRef = 63B49DC926238E3B009624FF /* CategoryModel.swift */; };
		63B49DCD26238E9B009624FF /* ProductModel.swift in Sources */ = {isa = PBXBuildFile; fileRef = 63B49DCC26238E9B009624FF /* ProductModel.swift */; };
		63B49DD026238F4F009624FF /* FeaturedItemView.swift in Sources */ = {isa = PBXBuildFile; fileRef = 63B49DCF26238F4F009624FF /* FeaturedItemView.swift */; };
		63B49DD326238FD5009624FF /* FeaturedTabView.swift in Sources */ = {isa = PBXBuildFile; fileRef = 63B49DD226238FD5009624FF /* FeaturedTabView.swift */; };
/* End PBXBuildFile section */

/* Begin PBXFileReference section */
		6364F436262E042A00FDDDDB /* BrandGridView.swift */ = {isa = PBXFileReference; fileEncoding = 4; lastKnownFileType = sourcecode.swift; path = BrandGridView.swift; sourceTree = "<group>"; };
		6364F437262E042E00FDDDDB /* BrandItemView.swift */ = {isa = PBXFileReference; fileEncoding = 4; lastKnownFileType = sourcecode.swift; path = BrandItemView.swift; sourceTree = "<group>"; };
		6364F43B262E0CD900FDDDDB /* ProductDetailView.swift */ = {isa = PBXFileReference; lastKnownFileType = sourcecode.swift; path = ProductDetailView.swift; sourceTree = "<group>"; };
		6364F43E262E130600FDDDDB /* NavigationBarDetailView.swift */ = {isa = PBXFileReference; lastKnownFileType = sourcecode.swift; path = NavigationBarDetailView.swift; sourceTree = "<group>"; };
		6364F441262E165F00FDDDDB /* HeaderDetailView.swift */ = {isa = PBXFileReference; lastKnownFileType = sourcecode.swift; path = HeaderDetailView.swift; sourceTree = "<group>"; };
		6364F444262E170900FDDDDB /* TopPartDetailView.swift */ = {isa = PBXFileReference; lastKnownFileType = sourcecode.swift; path = TopPartDetailView.swift; sourceTree = "<group>"; };
		6364F447262E1B4C00FDDDDB /* CustomShape.swift */ = {isa = PBXFileReference; lastKnownFileType = sourcecode.swift; path = CustomShape.swift; sourceTree = "<group>"; };
		6364F44A262E1D9800FDDDDB /* RatingsSizesDetailView.swift */ = {isa = PBXFileReference; lastKnownFileType = sourcecode.swift; path = RatingsSizesDetailView.swift; sourceTree = "<group>"; };
		6364F44D262E208100FDDDDB /* QuantityFavouriteDetailView.swift */ = {isa = PBXFileReference; lastKnownFileType = sourcecode.swift; path = QuantityFavouriteDetailView.swift; sourceTree = "<group>"; };
		6364F450262E23D700FDDDDB /* AddToCartDetailView.swift */ = {isa = PBXFileReference; lastKnownFileType = sourcecode.swift; path = AddToCartDetailView.swift; sourceTree = "<group>"; };
		6364F453262E255B00FDDDDB /* Shop.swift */ = {isa = PBXFileReference; lastKnownFileType = sourcecode.swift; path = Shop.swift; sourceTree = "<group>"; };
		63927FB926223DDB0073CE08 /* Touchdown.app */ = {isa = PBXFileReference; explicitFileType = wrapper.application; includeInIndex = 0; path = Touchdown.app; sourceTree = BUILT_PRODUCTS_DIR; };
		63927FBC26223DDB0073CE08 /* TouchdownApp.swift */ = {isa = PBXFileReference; lastKnownFileType = sourcecode.swift; path = TouchdownApp.swift; sourceTree = "<group>"; };
		63927FBE26223DDB0073CE08 /* ContentView.swift */ = {isa = PBXFileReference; lastKnownFileType = sourcecode.swift; path = ContentView.swift; sourceTree = "<group>"; };
		63927FC026223DE00073CE08 /* Assets.xcassets */ = {isa = PBXFileReference; lastKnownFileType = folder.assetcatalog; path = Assets.xcassets; sourceTree = "<group>"; };
		63927FC326223DE00073CE08 /* Preview Assets.xcassets */ = {isa = PBXFileReference; lastKnownFileType = folder.assetcatalog; path = "Preview Assets.xcassets"; sourceTree = "<group>"; };
		63927FC526223DE00073CE08 /* Info.plist */ = {isa = PBXFileReference; lastKnownFileType = text.plist.xml; path = Info.plist; sourceTree = "<group>"; };
		63A8657A262D53F800B4A1C5 /* CategoryItemView.swift */ = {isa = PBXFileReference; lastKnownFileType = sourcecode.swift; path = CategoryItemView.swift; sourceTree = "<group>"; };
		63A8657D262D7ADD00B4A1C5 /* CategoryGridView.swift */ = {isa = PBXFileReference; lastKnownFileType = sourcecode.swift; path = CategoryGridView.swift; sourceTree = "<group>"; };
		63A86580262D7EA400B4A1C5 /* SectionView.swift */ = {isa = PBXFileReference; lastKnownFileType = sourcecode.swift; path = SectionView.swift; sourceTree = "<group>"; };
		63A86583262D841800B4A1C5 /* TitleView.swift */ = {isa = PBXFileReference; lastKnownFileType = sourcecode.swift; path = TitleView.swift; sourceTree = "<group>"; };
		63A8658A262D988B00B4A1C5 /* ProductItemView.swift */ = {isa = PBXFileReference; lastKnownFileType = sourcecode.swift; path = ProductItemView.swift; sourceTree = "<group>"; };
		63B49D9B2623572A009624FF /* player.json */ = {isa = PBXFileReference; fileEncoding = 4; lastKnownFileType = text.json; path = player.json; sourceTree = "<group>"; };
		63B49D9C2623572A009624FF /* category.json */ = {isa = PBXFileReference; fileEncoding = 4; lastKnownFileType = text.json; path = category.json; sourceTree = "<group>"; };
		63B49D9D2623572A009624FF /* brand.json */ = {isa = PBXFileReference; fileEncoding = 4; lastKnownFileType = text.json; path = brand.json; sourceTree = "<group>"; };
		63B49D9E2623572A009624FF /* product.json */ = {isa = PBXFileReference; fileEncoding = 4; lastKnownFileType = text.json; path = product.json; sourceTree = "<group>"; };
		63B49DB42623678E009624FF /* Constant.swift */ = {isa = PBXFileReference; lastKnownFileType = sourcecode.swift; path = Constant.swift; sourceTree = "<group>"; };
		63B49DB7262376F2009624FF /* FooterView.swift */ = {isa = PBXFileReference; lastKnownFileType = sourcecode.swift; path = FooterView.swift; sourceTree = "<group>"; };
		63B49DBA2623835A009624FF /* NavigationBarView.swift */ = {isa = PBXFileReference; lastKnownFileType = sourcecode.swift; path = NavigationBarView.swift; sourceTree = "<group>"; };
		63B49DBD262384A5009624FF /* LogoView.swift */ = {isa = PBXFileReference; lastKnownFileType = sourcecode.swift; path = LogoView.swift; sourceTree = "<group>"; };
		63B49DC026238BDC009624FF /* PlayerModel.swift */ = {isa = PBXFileReference; lastKnownFileType = sourcecode.swift; path = PlayerModel.swift; sourceTree = "<group>"; };
		63B49DC326238C22009624FF /* CodableBundleExtension.swift */ = {isa = PBXFileReference; lastKnownFileType = sourcecode.swift; path = CodableBundleExtension.swift; sourceTree = "<group>"; };
		63B49DC626238DF7009624FF /* BrandModel.swift */ = {isa = PBXFileReference; lastKnownFileType = sourcecode.swift; path = BrandModel.swift; sourceTree = "<group>"; };
		63B49DC926238E3B009624FF /* CategoryModel.swift */ = {isa = PBXFileReference; lastKnownFileType = sourcecode.swift; path = CategoryModel.swift; sourceTree = "<group>"; };
		63B49DCC26238E9B009624FF /* ProductModel.swift */ = {isa = PBXFileReference; lastKnownFileType = sourcecode.swift; path = ProductModel.swift; sourceTree = "<group>"; };
		63B49DCF26238F4F009624FF /* FeaturedItemView.swift */ = {isa = PBXFileReference; lastKnownFileType = sourcecode.swift; path = FeaturedItemView.swift; sourceTree = "<group>"; };
		63B49DD226238FD5009624FF /* FeaturedTabView.swift */ = {isa = PBXFileReference; lastKnownFileType = sourcecode.swift; path = FeaturedTabView.swift; sourceTree = "<group>"; };
/* End PBXFileReference section */

/* Begin PBXFrameworksBuildPhase section */
		63927FB626223DDB0073CE08 /* Frameworks */ = {
			isa = PBXFrameworksBuildPhase;
			buildActionMask = 2147483647;
			files = (
			);
			runOnlyForDeploymentPostprocessing = 0;
		};
/* End PBXFrameworksBuildPhase section */

/* Begin PBXGroup section */
		63927FB026223DDB0073CE08 = {
			isa = PBXGroup;
			children = (
				63927FBB26223DDB0073CE08 /* Touchdown */,
				63927FBA26223DDB0073CE08 /* Products */,
			);
			sourceTree = "<group>";
		};
		63927FBA26223DDB0073CE08 /* Products */ = {
			isa = PBXGroup;
			children = (
				63927FB926223DDB0073CE08 /* Touchdown.app */,
			);
			name = Products;
			sourceTree = "<group>";
		};
		63927FBB26223DDB0073CE08 /* Touchdown */ = {
			isa = PBXGroup;
			children = (
				63B49DA9262365BB009624FF /* App */,
				63B49DB1262366E5009624FF /* View */,
				63B49DA72623574A009624FF /* Data */,
				63B49DB02623660B009624FF /* Utility */,
				63B49DAF26236603009624FF /* Extension */,
				63B49DAE262365FD009624FF /* Model */,
				63927FC026223DE00073CE08 /* Assets.xcassets */,
				63927FC526223DE00073CE08 /* Info.plist */,
				63927FC226223DE00073CE08 /* Preview Content */,
			);
			path = Touchdown;
			sourceTree = "<group>";
		};
		63927FC226223DE00073CE08 /* Preview Content */ = {
			isa = PBXGroup;
			children = (
				63927FC326223DE00073CE08 /* Preview Assets.xcassets */,
			);
			path = "Preview Content";
			sourceTree = "<group>";
		};
		63B49DA72623574A009624FF /* Data */ = {
			isa = PBXGroup;
			children = (
				63B49D9D2623572A009624FF /* brand.json */,
				63B49D9C2623572A009624FF /* category.json */,
				63B49D9B2623572A009624FF /* player.json */,
				63B49D9E2623572A009624FF /* product.json */,
			);
			path = Data;
			sourceTree = "<group>";
		};
		63B49DA9262365BB009624FF /* App */ = {
			isa = PBXGroup;
			children = (
				63927FBC26223DDB0073CE08 /* TouchdownApp.swift */,
				63927FBE26223DDB0073CE08 /* ContentView.swift */,
				6364F43B262E0CD900FDDDDB /* ProductDetailView.swift */,
			);
			path = App;
			sourceTree = "<group>";
		};
		63B49DAE262365FD009624FF /* Model */ = {
			isa = PBXGroup;
			children = (
				63B49DC026238BDC009624FF /* PlayerModel.swift */,
				63B49DC626238DF7009624FF /* BrandModel.swift */,
				63B49DC926238E3B009624FF /* CategoryModel.swift */,
				63B49DCC26238E9B009624FF /* ProductModel.swift */,
			);
			path = Model;
			sourceTree = "<group>";
		};
		63B49DAF26236603009624FF /* Extension */ = {
			isa = PBXGroup;
			children = (
				63B49DC326238C22009624FF /* CodableBundleExtension.swift */,
			);
			path = Extension;
			sourceTree = "<group>";
		};
		63B49DB02623660B009624FF /* Utility */ = {
			isa = PBXGroup;
			children = (
				63B49DB42623678E009624FF /* Constant.swift */,
				6364F447262E1B4C00FDDDDB /* CustomShape.swift */,
				6364F453262E255B00FDDDDB /* Shop.swift */,
			);
			path = Utility;
			sourceTree = "<group>";
		};
		63B49DB1262366E5009624FF /* View */ = {
			isa = PBXGroup;
			children = (
				63B49DB326236701009624FF /* Home */,
				63B49DB2262366F8009624FF /* Detail */,
			);
			path = View;
			sourceTree = "<group>";
		};
		63B49DB2262366F8009624FF /* Detail */ = {
			isa = PBXGroup;
			children = (
				6364F43E262E130600FDDDDB /* NavigationBarDetailView.swift */,
				6364F441262E165F00FDDDDB /* HeaderDetailView.swift */,
				6364F444262E170900FDDDDB /* TopPartDetailView.swift */,
				6364F44A262E1D9800FDDDDB /* RatingsSizesDetailView.swift */,
				6364F44D262E208100FDDDDB /* QuantityFavouriteDetailView.swift */,
				6364F450262E23D700FDDDDB /* AddToCartDetailView.swift */,
			);
			path = Detail;
			sourceTree = "<group>";
		};
		63B49DB326236701009624FF /* Home */ = {
			isa = PBXGroup;
			children = (
				63B49DB7262376F2009624FF /* FooterView.swift */,
				63B49DBA2623835A009624FF /* NavigationBarView.swift */,
				63B49DBD262384A5009624FF /* LogoView.swift */,
				63B49DCF26238F4F009624FF /* FeaturedItemView.swift */,
				63B49DD226238FD5009624FF /* FeaturedTabView.swift */,
				63A8657A262D53F800B4A1C5 /* CategoryItemView.swift */,
				63A8657D262D7ADD00B4A1C5 /* CategoryGridView.swift */,
				63A86580262D7EA400B4A1C5 /* SectionView.swift */,
				63A86583262D841800B4A1C5 /* TitleView.swift */,
				6364F436262E042A00FDDDDB /* BrandGridView.swift */,
				6364F437262E042E00FDDDDB /* BrandItemView.swift */,
				63A8658A262D988B00B4A1C5 /* ProductItemView.swift */,
			);
			path = Home;
			sourceTree = "<group>";
		};
/* End PBXGroup section */

/* Begin PBXNativeTarget section */
		63927FB826223DDB0073CE08 /* Touchdown */ = {
			isa = PBXNativeTarget;
			buildConfigurationList = 63927FC826223DE00073CE08 /* Build configuration list for PBXNativeTarget "Touchdown" */;
			buildPhases = (
				63927FB526223DDB0073CE08 /* Sources */,
				63927FB626223DDB0073CE08 /* Frameworks */,
				63927FB726223DDB0073CE08 /* Resources */,
			);
			buildRules = (
			);
			dependencies = (
			);
			name = Touchdown;
			productName = Touchdown;
			productReference = 63927FB926223DDB0073CE08 /* Touchdown.app */;
			productType = "com.apple.product-type.application";
		};
/* End PBXNativeTarget section */

/* Begin PBXProject section */
		63927FB126223DDB0073CE08 /* Project object */ = {
			isa = PBXProject;
			attributes = {
				LastSwiftUpdateCheck = 1240;
				LastUpgradeCheck = 1240;
				TargetAttributes = {
					63927FB826223DDB0073CE08 = {
						CreatedOnToolsVersion = 12.4;
					};
				};
			};
			buildConfigurationList = 63927FB426223DDB0073CE08 /* Build configuration list for PBXProject "Touchdown" */;
			compatibilityVersion = "Xcode 9.3";
			developmentRegion = en;
			hasScannedForEncodings = 0;
			knownRegions = (
				en,
				Base,
			);
			mainGroup = 63927FB026223DDB0073CE08;
			productRefGroup = 63927FBA26223DDB0073CE08 /* Products */;
			projectDirPath = "";
			projectRoot = "";
			targets = (
				63927FB826223DDB0073CE08 /* Touchdown */,
			);
		};
/* End PBXProject section */

/* Begin PBXResourcesBuildPhase section */
		63927FB726223DDB0073CE08 /* Resources */ = {
			isa = PBXResourcesBuildPhase;
			buildActionMask = 2147483647;
			files = (
				63B49D9F2623572A009624FF /* player.json in Resources */,
				63B49DA12623572A009624FF /* brand.json in Resources */,
				63927FC426223DE00073CE08 /* Preview Assets.xcassets in Resources */,
				63927FC126223DE00073CE08 /* Assets.xcassets in Resources */,
				63B49DA02623572A009624FF /* category.json in Resources */,
				63B49DA22623572A009624FF /* product.json in Resources */,
			);
			runOnlyForDeploymentPostprocessing = 0;
		};
/* End PBXResourcesBuildPhase section */

/* Begin PBXSourcesBuildPhase section */
		63927FB526223DDB0073CE08 /* Sources */ = {
			isa = PBXSourcesBuildPhase;
			buildActionMask = 2147483647;
			files = (
				63B49DC426238C22009624FF /* CodableBundleExtension.swift in Sources */,
				6364F442262E165F00FDDDDB /* HeaderDetailView.swift in Sources */,
				6364F445262E170900FDDDDB /* TopPartDetailView.swift in Sources */,
				63927FBF26223DDB0073CE08 /* ContentView.swift in Sources */,
				63B49DBE262384A5009624FF /* LogoView.swift in Sources */,
				63A8657E262D7ADD00B4A1C5 /* CategoryGridView.swift in Sources */,
				63A8657B262D53F800B4A1C5 /* CategoryItemView.swift in Sources */,
				63B49DCA26238E3B009624FF /* CategoryModel.swift in Sources */,
				6364F451262E23D700FDDDDB /* AddToCartDetailView.swift in Sources */,
				63B49DB8262376F2009624FF /* FooterView.swift in Sources */,
				6364F44B262E1D9800FDDDDB /* RatingsSizesDetailView.swift in Sources */,
				63B49DD326238FD5009624FF /* FeaturedTabView.swift in Sources */,
				6364F43C262E0CDA00FDDDDB /* ProductDetailView.swift in Sources */,
				6364F43F262E130600FDDDDB /* NavigationBarDetailView.swift in Sources */,
				63927FBD26223DDB0073CE08 /* TouchdownApp.swift in Sources */,
				6364F438262E042E00FDDDDB /* BrandGridView.swift in Sources */,
				63A8658B262D988B00B4A1C5 /* ProductItemView.swift in Sources */,
				63B49DB52623678E009624FF /* Constant.swift in Sources */,
				63B49DD026238F4F009624FF /* FeaturedItemView.swift in Sources */,
				63B49DCD26238E9B009624FF /* ProductModel.swift in Sources */,
				63A86584262D841800B4A1C5 /* TitleView.swift in Sources */,
				6364F439262E042E00FDDDDB /* BrandItemView.swift in Sources */,
				6364F448262E1B4C00FDDDDB /* CustomShape.swift in Sources */,
				63A86581262D7EA400B4A1C5 /* SectionView.swift in Sources */,
				6364F454262E255B00FDDDDB /* Shop.swift in Sources */,
				63B49DC726238DF7009624FF /* BrandModel.swift in Sources */,
				63B49DBB2623835A009624FF /* NavigationBarView.swift in Sources */,
				6364F44E262E208100FDDDDB /* QuantityFavouriteDetailView.swift in Sources */,
				63B49DC126238BDD009624FF /* PlayerModel.swift in Sources */,
			);
			runOnlyForDeploymentPostprocessing = 0;
		};
/* End PBXSourcesBuildPhase section */

/* Begin XCBuildConfiguration section */
		63927FC626223DE00073CE08 /* Debug */ = {
			isa = XCBuildConfiguration;
			buildSettings = {
				ALWAYS_SEARCH_USER_PATHS = NO;
				CLANG_ANALYZER_NONNULL = YES;
				CLANG_ANALYZER_NUMBER_OBJECT_CONVERSION = YES_AGGRESSIVE;
				CLANG_CXX_LANGUAGE_STANDARD = "gnu++14";
				CLANG_CXX_LIBRARY = "libc++";
				CLANG_ENABLE_MODULES = YES;
				CLANG_ENABLE_OBJC_ARC = YES;
				CLANG_ENABLE_OBJC_WEAK = YES;
				CLANG_WARN_BLOCK_CAPTURE_AUTORELEASING = YES;
				CLANG_WARN_BOOL_CONVERSION = YES;
				CLANG_WARN_COMMA = YES;
				CLANG_WARN_CONSTANT_CONVERSION = YES;
				CLANG_WARN_DEPRECATED_OBJC_IMPLEMENTATIONS = YES;
				CLANG_WARN_DIRECT_OBJC_ISA_USAGE = YES_ERROR;
				CLANG_WARN_DOCUMENTATION_COMMENTS = YES;
				CLANG_WARN_EMPTY_BODY = YES;
				CLANG_WARN_ENUM_CONVERSION = YES;
				CLANG_WARN_INFINITE_RECURSION = YES;
				CLANG_WARN_INT_CONVERSION = YES;
				CLANG_WARN_NON_LITERAL_NULL_CONVERSION = YES;
				CLANG_WARN_OBJC_IMPLICIT_RETAIN_SELF = YES;
				CLANG_WARN_OBJC_LITERAL_CONVERSION = YES;
				CLANG_WARN_OBJC_ROOT_CLASS = YES_ERROR;
				CLANG_WARN_QUOTED_INCLUDE_IN_FRAMEWORK_HEADER = YES;
				CLANG_WARN_RANGE_LOOP_ANALYSIS = YES;
				CLANG_WARN_STRICT_PROTOTYPES = YES;
				CLANG_WARN_SUSPICIOUS_MOVE = YES;
				CLANG_WARN_UNGUARDED_AVAILABILITY = YES_AGGRESSIVE;
				CLANG_WARN_UNREACHABLE_CODE = YES;
				CLANG_WARN__DUPLICATE_METHOD_MATCH = YES;
				COPY_PHASE_STRIP = NO;
				DEBUG_INFORMATION_FORMAT = dwarf;
				ENABLE_STRICT_OBJC_MSGSEND = YES;
				ENABLE_TESTABILITY = YES;
				GCC_C_LANGUAGE_STANDARD = gnu11;
				GCC_DYNAMIC_NO_PIC = NO;
				GCC_NO_COMMON_BLOCKS = YES;
				GCC_OPTIMIZATION_LEVEL = 0;
				GCC_PREPROCESSOR_DEFINITIONS = (
					"DEBUG=1",
					"$(inherited)",
				);
				GCC_WARN_64_TO_32_BIT_CONVERSION = YES;
				GCC_WARN_ABOUT_RETURN_TYPE = YES_ERROR;
				GCC_WARN_UNDECLARED_SELECTOR = YES;
				GCC_WARN_UNINITIALIZED_AUTOS = YES_AGGRESSIVE;
				GCC_WARN_UNUSED_FUNCTION = YES;
				GCC_WARN_UNUSED_VARIABLE = YES;
				IPHONEOS_DEPLOYMENT_TARGET = 14.4;
				MTL_ENABLE_DEBUG_INFO = INCLUDE_SOURCE;
				MTL_FAST_MATH = YES;
				ONLY_ACTIVE_ARCH = YES;
				SDKROOT = iphoneos;
				SWIFT_ACTIVE_COMPILATION_CONDITIONS = DEBUG;
				SWIFT_OPTIMIZATION_LEVEL = "-Onone";
			};
			name = Debug;
		};
		63927FC726223DE00073CE08 /* Release */ = {
			isa = XCBuildConfiguration;
			buildSettings = {
				ALWAYS_SEARCH_USER_PATHS = NO;
				CLANG_ANALYZER_NONNULL = YES;
				CLANG_ANALYZER_NUMBER_OBJECT_CONVERSION = YES_AGGRESSIVE;
				CLANG_CXX_LANGUAGE_STANDARD = "gnu++14";
				CLANG_CXX_LIBRARY = "libc++";
				CLANG_ENABLE_MODULES = YES;
				CLANG_ENABLE_OBJC_ARC = YES;
				CLANG_ENABLE_OBJC_WEAK = YES;
				CLANG_WARN_BLOCK_CAPTURE_AUTORELEASING = YES;
				CLANG_WARN_BOOL_CONVERSION = YES;
				CLANG_WARN_COMMA = YES;
				CLANG_WARN_CONSTANT_CONVERSION = YES;
				CLANG_WARN_DEPRECATED_OBJC_IMPLEMENTATIONS = YES;
				CLANG_WARN_DIRECT_OBJC_ISA_USAGE = YES_ERROR;
				CLANG_WARN_DOCUMENTATION_COMMENTS = YES;
				CLANG_WARN_EMPTY_BODY = YES;
				CLANG_WARN_ENUM_CONVERSION = YES;
				CLANG_WARN_INFINITE_RECURSION = YES;
				CLANG_WARN_INT_CONVERSION = YES;
				CLANG_WARN_NON_LITERAL_NULL_CONVERSION = YES;
				CLANG_WARN_OBJC_IMPLICIT_RETAIN_SELF = YES;
				CLANG_WARN_OBJC_LITERAL_CONVERSION = YES;
				CLANG_WARN_OBJC_ROOT_CLASS = YES_ERROR;
				CLANG_WARN_QUOTED_INCLUDE_IN_FRAMEWORK_HEADER = YES;
				CLANG_WARN_RANGE_LOOP_ANALYSIS = YES;
				CLANG_WARN_STRICT_PROTOTYPES = YES;
				CLANG_WARN_SUSPICIOUS_MOVE = YES;
				CLANG_WARN_UNGUARDED_AVAILABILITY = YES_AGGRESSIVE;
				CLANG_WARN_UNREACHABLE_CODE = YES;
				CLANG_WARN__DUPLICATE_METHOD_MATCH = YES;
				COPY_PHASE_STRIP = NO;
				DEBUG_INFORMATION_FORMAT = "dwarf-with-dsym";
				ENABLE_NS_ASSERTIONS = NO;
				ENABLE_STRICT_OBJC_MSGSEND = YES;
				GCC_C_LANGUAGE_STANDARD = gnu11;
				GCC_NO_COMMON_BLOCKS = YES;
				GCC_WARN_64_TO_32_BIT_CONVERSION = YES;
				GCC_WARN_ABOUT_RETURN_TYPE = YES_ERROR;
				GCC_WARN_UNDECLARED_SELECTOR = YES;
				GCC_WARN_UNINITIALIZED_AUTOS = YES_AGGRESSIVE;
				GCC_WARN_UNUSED_FUNCTION = YES;
				GCC_WARN_UNUSED_VARIABLE = YES;
				IPHONEOS_DEPLOYMENT_TARGET = 14.4;
				MTL_ENABLE_DEBUG_INFO = NO;
				MTL_FAST_MATH = YES;
				SDKROOT = iphoneos;
				SWIFT_COMPILATION_MODE = wholemodule;
				SWIFT_OPTIMIZATION_LEVEL = "-O";
				VALIDATE_PRODUCT = YES;
			};
			name = Release;
		};
		63927FC926223DE00073CE08 /* Debug */ = {
			isa = XCBuildConfiguration;
			buildSettings = {
				ASSETCATALOG_COMPILER_APPICON_NAME = AppIcon;
				ASSETCATALOG_COMPILER_GLOBAL_ACCENT_COLOR_NAME = AccentColor;
				CODE_SIGN_STYLE = Automatic;
				DEVELOPMENT_ASSET_PATHS = "\"Touchdown/Preview Content\"";
				DEVELOPMENT_TEAM = TL9Q9YGWX7;
				ENABLE_PREVIEWS = YES;
				INFOPLIST_FILE = Touchdown/Info.plist;
				IPHONEOS_DEPLOYMENT_TARGET = 14.0;
				LD_RUNPATH_SEARCH_PATHS = (
					"$(inherited)",
					"@executable_path/Frameworks",
				);
				PRODUCT_BUNDLE_IDENTIFIER = com.shettyshinit.Touchdown;
				PRODUCT_NAME = "$(TARGET_NAME)";
				SWIFT_VERSION = 5.0;
				TARGETED_DEVICE_FAMILY = "1,2";
			};
			name = Debug;
		};
		63927FCA26223DE00073CE08 /* Release */ = {
			isa = XCBuildConfiguration;
			buildSettings = {
				ASSETCATALOG_COMPILER_APPICON_NAME = AppIcon;
				ASSETCATALOG_COMPILER_GLOBAL_ACCENT_COLOR_NAME = AccentColor;
				CODE_SIGN_STYLE = Automatic;
				DEVELOPMENT_ASSET_PATHS = "\"Touchdown/Preview Content\"";
				DEVELOPMENT_TEAM = TL9Q9YGWX7;
				ENABLE_PREVIEWS = YES;
				INFOPLIST_FILE = Touchdown/Info.plist;
				IPHONEOS_DEPLOYMENT_TARGET = 14.0;
				LD_RUNPATH_SEARCH_PATHS = (
					"$(inherited)",
					"@executable_path/Frameworks",
				);
				PRODUCT_BUNDLE_IDENTIFIER = com.shettyshinit.Touchdown;
				PRODUCT_NAME = "$(TARGET_NAME)";
				SWIFT_VERSION = 5.0;
				TARGETED_DEVICE_FAMILY = "1,2";
			};
			name = Release;
		};
/* End XCBuildConfiguration section */

/* Begin XCConfigurationList section */
		63927FB426223DDB0073CE08 /* Build configuration list for PBXProject "Touchdown" */ = {
			isa = XCConfigurationList;
			buildConfigurations = (
				63927FC626223DE00073CE08 /* Debug */,
				63927FC726223DE00073CE08 /* Release */,
			);
			defaultConfigurationIsVisible = 0;
			defaultConfigurationName = Release;
		};
		63927FC826223DE00073CE08 /* Build configuration list for PBXNativeTarget "Touchdown" */ = {
			isa = XCConfigurationList;
			buildConfigurations = (
				63927FC926223DE00073CE08 /* Debug */,
				63927FCA26223DE00073CE08 /* Release */,
			);
			defaultConfigurationIsVisible = 0;
			defaultConfigurationName = Release;
		};
/* End XCConfigurationList section */
	};
	rootObject = 63927FB126223DDB0073CE08 /* Project object */;
}
